github.com/arl/blip v0.2.0 h1:vmKLxD19gMefNFvm8zhQvn/zWu7WiXWtmxJ2xbIM9rg=
github.com/arl/blip v0.2.0/go.mod h1:60h+V+JABRLooo6HbBxQsp8qSK38+7KixmT4f1YRxDo=
github.com/google/go-cmp v0.6.0 h1:ofyhxvXcZhMsU5ulbFiLKl/XBFqE1GSq7atu8tAmTRI=
github.com/google/go-cmp v0.6.0/go.mod h1:17dUlkBOakJ0+DkrSSNjCkIjxS6bF9zb3elmeNGIjoY=
github.com/veandco/go-sdl2 v0.4.40 h1:fZv6wC3zz1Xt167P09gazawnpa0KY5LM7JAvKpX9d/U=
github.com/veandco/go-sdl2 v0.4.40/go.mod h1:OROqMhHD43nT4/i9crJukyVecjPNYYuCofep6SNiAjY=
